
Microsoft Visual Studio Solution File, Format Version 12.00
Project("{FAE04EC0-301F-11D3-BF4B-00C04F79EFBC}") = "LinkedList", "LinkedList\LinkedList.csproj", "{4512D0AC-042A-407D-AC9A-5AC79DFCCB9A}"
EndProject
Project("{FAE04EC0-301F-11D3-BF4B-00C04F79EFBC}") = "Stack", "Stack\Stack.csproj", "{98454BDB-12D3-46D4-AEB0-95D56D37731A}"
EndProject
Project("{FAE04EC0-301F-11D3-BF4B-00C04F79EFBC}") = "DuplexLinkedList", "DuplexLinkedList\DuplexLinkedList.csproj", "{821CBE98-68EC-459E-8B9C-0164DD524B3B}"
EndProject
Project("{FAE04EC0-301F-11D3-BF4B-00C04F79EFBC}") = "Queue", "Queue\Queue.csproj", "{B138B5E4-24E5-4E4B-9825-40362FFBF485}"
EndProject
Project("{FAE04EC0-301F-11D3-BF4B-00C04F79EFBC}") = "Set", "Set\Set.csproj", "{FE0874BE-0F7E-49DF-B7D0-0549F411EE82}"
EndProject
Project("{FAE04EC0-301F-11D3-BF4B-00C04F79EFBC}") = "HashTable", "HashTable\HashTable.csproj", "{3E5F05DC-3824-4EF0-9D52-D36A8461F74E}"
EndProject
Project("{FAE04EC0-301F-11D3-BF4B-00C04F79EFBC}") = "Map", "Map\Map.csproj", "{2090BC41-E69E-462E-A0B8-31DA06286F05}"
EndProject
Project("{FAE04EC0-301F-11D3-BF4B-00C04F79EFBC}") = "BinarySearchTree", "BinarySearchTree\BinarySearchTree.csproj", "{C57B86E1-1BD6-4E43-BE1C-F11F0E4FEF33}"
EndProject
Project("{FAE04EC0-301F-11D3-BF4B-00C04F79EFBC}") = "Trie", "Trie\Trie.csproj", "{264E89E4-AC83-463F-BA44-352579A627A8}"
EndProject
Project("{FAE04EC0-301F-11D3-BF4B-00C04F79EFBC}") = "BinaryHeap", "BinaryHeap\BinaryHeap.csproj", "{13EE5DFF-0CF9-46B0-A1A2-0C6F20F18AA7}"
EndProject
Project("{FAE04EC0-301F-11D3-BF4B-00C04F79EFBC}") = "Graph", "Graph\Graph.csproj", "{2D9B1239-C87A-4B17-B36E-E195E0890708}"
EndProject
Global
	GlobalSection(SolutionConfigurationPlatforms) = preSolution
		Debug|Any CPU = Debug|Any CPU
		Release|Any CPU = Release|Any CPU
	EndGlobalSection
	GlobalSection(ProjectConfigurationPlatforms) = postSolution
		{4512D0AC-042A-407D-AC9A-5AC79DFCCB9A}.Debug|Any CPU.ActiveCfg = Debug|Any CPU
		{4512D0AC-042A-407D-AC9A-5AC79DFCCB9A}.Debug|Any CPU.Build.0 = Debug|Any CPU
		{4512D0AC-042A-407D-AC9A-5AC79DFCCB9A}.Release|Any CPU.ActiveCfg = Release|Any CPU
		{4512D0AC-042A-407D-AC9A-5AC79DFCCB9A}.Release|Any CPU.Build.0 = Release|Any CPU
		{98454BDB-12D3-46D4-AEB0-95D56D37731A}.Debug|Any CPU.ActiveCfg = Debug|Any CPU
		{98454BDB-12D3-46D4-AEB0-95D56D37731A}.Debug|Any CPU.Build.0 = Debug|Any CPU
		{98454BDB-12D3-46D4-AEB0-95D56D37731A}.Release|Any CPU.ActiveCfg = Release|Any CPU
		{98454BDB-12D3-46D4-AEB0-95D56D37731A}.Release|Any CPU.Build.0 = Release|Any CPU
		{821CBE98-68EC-459E-8B9C-0164DD524B3B}.Debug|Any CPU.ActiveCfg = Debug|Any CPU
		{821CBE98-68EC-459E-8B9C-0164DD524B3B}.Debug|Any CPU.Build.0 = Debug|Any CPU
		{821CBE98-68EC-459E-8B9C-0164DD524B3B}.Release|Any CPU.ActiveCfg = Release|Any CPU
		{821CBE98-68EC-459E-8B9C-0164DD524B3B}.Release|Any CPU.Build.0 = Release|Any CPU
		{B138B5E4-24E5-4E4B-9825-40362FFBF485}.Debug|Any CPU.ActiveCfg = Debug|Any CPU
		{B138B5E4-24E5-4E4B-9825-40362FFBF485}.Debug|Any CPU.Build.0 = Debug|Any CPU
		{B138B5E4-24E5-4E4B-9825-40362FFBF485}.Release|Any CPU.ActiveCfg = Release|Any CPU
		{B138B5E4-24E5-4E4B-9825-40362FFBF485}.Release|Any CPU.Build.0 = Release|Any CPU
		{FE0874BE-0F7E-49DF-B7D0-0549F411EE82}.Debug|Any CPU.ActiveCfg = Debug|Any CPU
		{FE0874BE-0F7E-49DF-B7D0-0549F411EE82}.Debug|Any CPU.Build.0 = Debug|Any CPU
		{FE0874BE-0F7E-49DF-B7D0-0549F411EE82}.Release|Any CPU.ActiveCfg = Release|Any CPU
		{FE0874BE-0F7E-49DF-B7D0-0549F411EE82}.Release|Any CPU.Build.0 = Release|Any CPU
		{3E5F05DC-3824-4EF0-9D52-D36A8461F74E}.Debug|Any CPU.ActiveCfg = Debug|Any CPU
		{3E5F05DC-3824-4EF0-9D52-D36A8461F74E}.Debug|Any CPU.Build.0 = Debug|Any CPU
		{3E5F05DC-3824-4EF0-9D52-D36A8461F74E}.Release|Any CPU.ActiveCfg = Release|Any CPU
		{3E5F05DC-3824-4EF0-9D52-D36A8461F74E}.Release|Any CPU.Build.0 = Release|Any CPU
		{2090BC41-E69E-462E-A0B8-31DA06286F05}.Debug|Any CPU.ActiveCfg = Debug|Any CPU
		{2090BC41-E69E-462E-A0B8-31DA06286F05}.Debug|Any CPU.Build.0 = Debug|Any CPU
		{2090BC41-E69E-462E-A0B8-31DA06286F05}.Release|Any CPU.ActiveCfg = Release|Any CPU
		{2090BC41-E69E-462E-A0B8-31DA06286F05}.Release|Any CPU.Build.0 = Release|Any CPU
		{C57B86E1-1BD6-4E43-BE1C-F11F0E4FEF33}.Debug|Any CPU.ActiveCfg = Debug|Any CPU
		{C57B86E1-1BD6-4E43-BE1C-F11F0E4FEF33}.Debug|Any CPU.Build.0 = Debug|Any CPU
		{C57B86E1-1BD6-4E43-BE1C-F11F0E4FEF33}.Release|Any CPU.ActiveCfg = Release|Any CPU
		{C57B86E1-1BD6-4E43-BE1C-F11F0E4FEF33}.Release|Any CPU.Build.0 = Release|Any CPU
		{264E89E4-AC83-463F-BA44-352579A627A8}.Debug|Any CPU.ActiveCfg = Debug|Any CPU
		{264E89E4-AC83-463F-BA44-352579A627A8}.Debug|Any CPU.Build.0 = Debug|Any CPU
		{264E89E4-AC83-463F-BA44-352579A627A8}.Release|Any CPU.ActiveCfg = Release|Any CPU
		{264E89E4-AC83-463F-BA44-352579A627A8}.Release|Any CPU.Build.0 = Release|Any CPU
		{13EE5DFF-0CF9-46B0-A1A2-0C6F20F18AA7}.Debug|Any CPU.ActiveCfg = Debug|Any CPU
		{13EE5DFF-0CF9-46B0-A1A2-0C6F20F18AA7}.Debug|Any CPU.Build.0 = Debug|Any CPU
		{13EE5DFF-0CF9-46B0-A1A2-0C6F20F18AA7}.Release|Any CPU.ActiveCfg = Release|Any CPU
		{13EE5DFF-0CF9-46B0-A1A2-0C6F20F18AA7}.Release|Any CPU.Build.0 = Release|Any CPU
		{2D9B1239-C87A-4B17-B36E-E195E0890708}.Debug|Any CPU.ActiveCfg = Debug|Any CPU
		{2D9B1239-C87A-4B17-B36E-E195E0890708}.Debug|Any CPU.Build.0 = Debug|Any CPU
		{2D9B1239-C87A-4B17-B36E-E195E0890708}.Release|Any CPU.ActiveCfg = Release|Any CPU
		{2D9B1239-C87A-4B17-B36E-E195E0890708}.Release|Any CPU.Build.0 = Release|Any CPU
	EndGlobalSection
EndGlobal
